
Microsoft Visual Studio Solution File, Format Version 12.00
# Visual Studio 14
VisualStudioVersion = 14.0.25420.1
MinimumVisualStudioVersion = 10.0.40219.1
Project("{FAE04EC0-301F-11D3-BF4B-00C04F79EFBC}") = "CSVNameProcessor", "CSVNameProcessor\CSVNameProcessor.csproj", "{762D7200-CC64-443D-9F16-0D7B5F68C78F}"
EndProject
Project("{FAE04EC0-301F-11D3-BF4B-00C04F79EFBC}") = "CSVNameProcessorTest", "CSVNameProcessorTest\CSVNameProcessorTest.csproj", "{2EE9FFAA-BB13-4136-8448-B84F663BB679}"
EndProject
Project("{FAE04EC0-301F-11D3-BF4B-00C04F79EFBC}") = "Service", "Service\Service.csproj", "{E095A7B6-2385-47D9-BC90-A08F80180EAB}"
EndProject
Project("{FAE04EC0-301F-11D3-BF4B-00C04F79EFBC}") = "Model", "Model\Model.csproj", "{4B60E2AC-E7DF-4F84-978F-29AA07DBCA49}"
EndProject
Global
	GlobalSection(SolutionConfigurationPlatforms) = preSolution
		Debug|Any CPU = Debug|Any CPU
		Debug|ARM = Debug|ARM
		Debug|x64 = Debug|x64
		Debug|x86 = Debug|x86
		Release|Any CPU = Release|Any CPU
		Release|ARM = Release|ARM
		Release|x64 = Release|x64
		Release|x86 = Release|x86
	EndGlobalSection
	GlobalSection(ProjectConfigurationPlatforms) = postSolution
		{762D7200-CC64-443D-9F16-0D7B5F68C78F}.Debug|Any CPU.ActiveCfg = Debug|Any CPU
		{762D7200-CC64-443D-9F16-0D7B5F68C78F}.Debug|Any CPU.Build.0 = Debug|Any CPU
		{762D7200-CC64-443D-9F16-0D7B5F68C78F}.Debug|ARM.ActiveCfg = Debug|Any CPU
		{762D7200-CC64-443D-9F16-0D7B5F68C78F}.Debug|ARM.Build.0 = Debug|Any CPU
		{762D7200-CC64-443D-9F16-0D7B5F68C78F}.Debug|x64.ActiveCfg = Debug|Any CPU
		{762D7200-CC64-443D-9F16-0D7B5F68C78F}.Debug|x64.Build.0 = Debug|Any CPU
		{762D7200-CC64-443D-9F16-0D7B5F68C78F}.Debug|x86.ActiveCfg = Debug|Any CPU
		{762D7200-CC64-443D-9F16-0D7B5F68C78F}.Debug|x86.Build.0 = Debug|Any CPU
		{762D7200-CC64-443D-9F16-0D7B5F68C78F}.Release|Any CPU.ActiveCfg = Release|Any CPU
		{762D7200-CC64-443D-9F16-0D7B5F68C78F}.Release|Any CPU.Build.0 = Release|Any CPU
		{762D7200-CC64-443D-9F16-0D7B5F68C78F}.Release|ARM.ActiveCfg = Release|Any CPU
		{762D7200-CC64-443D-9F16-0D7B5F68C78F}.Release|ARM.Build.0 = Release|Any CPU
		{762D7200-CC64-443D-9F16-0D7B5F68C78F}.Release|x64.ActiveCfg = Release|Any CPU
		{762D7200-CC64-443D-9F16-0D7B5F68C78F}.Release|x64.Build.0 = Release|Any CPU
		{762D7200-CC64-443D-9F16-0D7B5F68C78F}.Release|x86.ActiveCfg = Release|Any CPU
		{762D7200-CC64-443D-9F16-0D7B5F68C78F}.Release|x86.Build.0 = Release|Any CPU
		{2EE9FFAA-BB13-4136-8448-B84F663BB679}.Debug|Any CPU.ActiveCfg = Debug|Any CPU
		{2EE9FFAA-BB13-4136-8448-B84F663BB679}.Debug|Any CPU.Build.0 = Debug|Any CPU
		{2EE9FFAA-BB13-4136-8448-B84F663BB679}.Debug|ARM.ActiveCfg = Debug|Any CPU
		{2EE9FFAA-BB13-4136-8448-B84F663BB679}.Debug|ARM.Build.0 = Debug|Any CPU
		{2EE9FFAA-BB13-4136-8448-B84F663BB679}.Debug|x64.ActiveCfg = Debug|Any CPU
		{2EE9FFAA-BB13-4136-8448-B84F663BB679}.Debug|x64.Build.0 = Debug|Any CPU
		{2EE9FFAA-BB13-4136-8448-B84F663BB679}.Debug|x86.ActiveCfg = Debug|Any CPU
		{2EE9FFAA-BB13-4136-8448-B84F663BB679}.Debug|x86.Build.0 = Debug|Any CPU
		{2EE9FFAA-BB13-4136-8448-B84F663BB679}.Release|Any CPU.ActiveCfg = Release|Any CPU
		{2EE9FFAA-BB13-4136-8448-B84F663BB679}.Release|Any CPU.Build.0 = Release|Any CPU
		{2EE9FFAA-BB13-4136-8448-B84F663BB679}.Release|ARM.ActiveCfg = Release|Any CPU
		{2EE9FFAA-BB13-4136-8448-B84F663BB679}.Release|ARM.Build.0 = Release|Any CPU
		{2EE9FFAA-BB13-4136-8448-B84F663BB679}.Release|x64.ActiveCfg = Release|Any CPU
		{2EE9FFAA-BB13-4136-8448-B84F663BB679}.Release|x64.Build.0 = Release|Any CPU
		{2EE9FFAA-BB13-4136-8448-B84F663BB679}.Release|x86.ActiveCfg = Release|Any CPU
		{2EE9FFAA-BB13-4136-8448-B84F663BB679}.Release|x86.Build.0 = Release|Any CPU
		{E095A7B6-2385-47D9-BC90-A08F80180EAB}.Debug|Any CPU.ActiveCfg = Debug|Any CPU
		{E095A7B6-2385-47D9-BC90-A08F80180EAB}.Debug|Any CPU.Build.0 = Debug|Any CPU
		{E095A7B6-2385-47D9-BC90-A08F80180EAB}.Debug|ARM.ActiveCfg = Debug|Any CPU
		{E095A7B6-2385-47D9-BC90-A08F80180EAB}.Debug|ARM.Build.0 = Debug|Any CPU
		{E095A7B6-2385-47D9-BC90-A08F80180EAB}.Debug|x64.ActiveCfg = Debug|Any CPU
		{E095A7B6-2385-47D9-BC90-A08F80180EAB}.Debug|x64.Build.0 = Debug|Any CPU
		{E095A7B6-2385-47D9-BC90-A08F80180EAB}.Debug|x86.ActiveCfg = Debug|Any CPU
		{E095A7B6-2385-47D9-BC90-A08F80180EAB}.Debug|x86.Build.0 = Debug|Any CPU
		{E095A7B6-2385-47D9-BC90-A08F80180EAB}.Release|Any CPU.ActiveCfg = Release|Any CPU
		{E095A7B6-2385-47D9-BC90-A08F80180EAB}.Release|Any CPU.Build.0 = Release|Any CPU
		{E095A7B6-2385-47D9-BC90-A08F80180EAB}.Release|ARM.ActiveCfg = Release|Any CPU
		{E095A7B6-2385-47D9-BC90-A08F80180EAB}.Release|ARM.Build.0 = Release|Any CPU
		{E095A7B6-2385-47D9-BC90-A08F80180EAB}.Release|x64.ActiveCfg = Release|Any CPU
		{E095A7B6-2385-47D9-BC90-A08F80180EAB}.Release|x64.Build.0 = Release|Any CPU
		{E095A7B6-2385-47D9-BC90-A08F80180EAB}.Release|x86.ActiveCfg = Release|Any CPU
		{E095A7B6-2385-47D9-BC90-A08F80180EAB}.Release|x86.Build.0 = Release|Any CPU
		{4B60E2AC-E7DF-4F84-978F-29AA07DBCA49}.Debug|Any CPU.ActiveCfg = Debug|Any CPU
		{4B60E2AC-E7DF-4F84-978F-29AA07DBCA49}.Debug|Any CPU.Build.0 = Debug|Any CPU
		{4B60E2AC-E7DF-4F84-978F-29AA07DBCA49}.Debug|ARM.ActiveCfg = Debug|Any CPU
		{4B60E2AC-E7DF-4F84-978F-29AA07DBCA49}.Debug|ARM.Build.0 = Debug|Any CPU
		{4B60E2AC-E7DF-4F84-978F-29AA07DBCA49}.Debug|x64.ActiveCfg = Debug|Any CPU
		{4B60E2AC-E7DF-4F84-978F-29AA07DBCA49}.Debug|x64.Build.0 = Debug|Any CPU
		{4B60E2AC-E7DF-4F84-978F-29AA07DBCA49}.Debug|x86.ActiveCfg = Debug|Any CPU
		{4B60E2AC-E7DF-4F84-978F-29AA07DBCA49}.Debug|x86.Build.0 = Debug|Any CPU
		{4B60E2AC-E7DF-4F84-978F-29AA07DBCA49}.Release|Any CPU.ActiveCfg = Release|Any CPU
		{4B60E2AC-E7DF-4F84-978F-29AA07DBCA49}.Release|Any CPU.Build.0 = Release|Any CPU
		{4B60E2AC-E7DF-4F84-978F-29AA07DBCA49}.Release|ARM.ActiveCfg = Release|Any CPU
		{4B60E2AC-E7DF-4F84-978F-29AA07DBCA49}.Release|ARM.Build.0 = Release|Any CPU
		{4B60E2AC-E7DF-4F84-978F-29AA07DBCA49}.Release|x64.ActiveCfg = Release|Any CPU
		{4B60E2AC-E7DF-4F84-978F-29AA07DBCA49}.Release|x64.Build.0 = Release|Any CPU
		{4B60E2AC-E7DF-4F84-978F-29AA07DBCA49}.Release|x86.ActiveCfg = Release|Any CPU
		{4B60E2AC-E7DF-4F84-978F-29AA07DBCA49}.Release|x86.Build.0 = Release|Any CPU
	EndGlobalSection
	GlobalSection(SolutionProperties) = preSolution
		HideSolutionNode = FALSE
	EndGlobalSection
EndGlobal
